
Microsoft Visual Studio Solution File, Format Version 12.00
# Visual Studio 15
VisualStudioVersion = 15.0.28010.2016
MinimumVisualStudioVersion = 10.0.40219.1
Project("{2150E333-8FDC-42A3-9474-1A3956D46DE8}") = "Test", "Test", "{24BE6FA1-6069-4789-96CE-551B86D0A13B}"
EndProject
Project("{9A19103F-16F7-4668-BE54-9A1E7A4F7556}") = "Kinta", "Kinta\Kinta.csproj", "{698CC110-F5CB-4517-8925-2D837AD773CF}"
EndProject
Project("{9A19103F-16F7-4668-BE54-9A1E7A4F7556}") = "Kinta.Common", "Common\Kinta.Common.csproj", "{0BBECB6A-C35B-4665-8F53-BDC20EBC8125}"
EndProject
Project("{9A19103F-16F7-4668-BE54-9A1E7A4F7556}") = "HelperTesing", "HelperTesing\HelperTesing.csproj", "{B25ABED3-F30C-4C8D-90C2-EDA2487E9573}"
EndProject
Project("{9A19103F-16F7-4668-BE54-9A1E7A4F7556}") = "ConsoleApp", "ConsoleApp\ConsoleApp.csproj", "{9F28818C-B5B8-4B91-B6EC-0A19AD6969D1}"
EndProject
Project("{2150E333-8FDC-42A3-9474-1A3956D46DE8}") = "Common", "Common", "{0DAEFAF1-D1F7-474B-9B39-F473C748C09A}"
EndProject
Project("{FAE04EC0-301F-11D3-BF4B-00C04F79EFBC}") = "Kinta.Domain", "Kinta.Domain\Kinta.Domain.csproj", "{CB9C81E6-EF48-4A40-A288-2337F600474A}"
EndProject
Project("{2150E333-8FDC-42A3-9474-1A3956D46DE8}") = "Core", "Core", "{4189E59D-4E94-4661-BDAE-4F42A87C68E3}"
EndProject
Project("{FAE04EC0-301F-11D3-BF4B-00C04F79EFBC}") = "Kinta.Application", "Kinta.Application\Kinta.Application.csproj", "{E3292E18-3902-4DDD-9BC1-6DAC8465379C}"
EndProject
Project("{2150E333-8FDC-42A3-9474-1A3956D46DE8}") = "Infrastructure", "Infrastructure", "{40B92155-C9A9-4F06-81F3-B59C35020EAA}"
EndProject
Project("{FAE04EC0-301F-11D3-BF4B-00C04F79EFBC}") = "Kinta.Infrastructure", "Kinta.Infrastructure\Kinta.Infrastructure.csproj", "{FE36485B-89C1-4267-9B2A-F5372FC00047}"
EndProject
Project("{FAE04EC0-301F-11D3-BF4B-00C04F79EFBC}") = "Kinta.Persistence", "Kinta.Persistence\Kinta.Persistence.csproj", "{C91C16BF-502E-469E-A0B9-366D312D9476}"
EndProject
Project("{2150E333-8FDC-42A3-9474-1A3956D46DE8}") = "Presentation", "Presentation", "{988D7442-E98E-44AA-BF71-A9FA468EEE51}"
EndProject
Global
	GlobalSection(SolutionConfigurationPlatforms) = preSolution
		Debug|Any CPU = Debug|Any CPU
		Release|Any CPU = Release|Any CPU
	EndGlobalSection
	GlobalSection(ProjectConfigurationPlatforms) = postSolution
		{698CC110-F5CB-4517-8925-2D837AD773CF}.Debug|Any CPU.ActiveCfg = Debug|Any CPU
		{698CC110-F5CB-4517-8925-2D837AD773CF}.Debug|Any CPU.Build.0 = Debug|Any CPU
		{698CC110-F5CB-4517-8925-2D837AD773CF}.Release|Any CPU.ActiveCfg = Release|Any CPU
		{698CC110-F5CB-4517-8925-2D837AD773CF}.Release|Any CPU.Build.0 = Release|Any CPU
		{0BBECB6A-C35B-4665-8F53-BDC20EBC8125}.Debug|Any CPU.ActiveCfg = Debug|Any CPU
		{0BBECB6A-C35B-4665-8F53-BDC20EBC8125}.Debug|Any CPU.Build.0 = Debug|Any CPU
		{0BBECB6A-C35B-4665-8F53-BDC20EBC8125}.Release|Any CPU.ActiveCfg = Release|Any CPU
		{0BBECB6A-C35B-4665-8F53-BDC20EBC8125}.Release|Any CPU.Build.0 = Release|Any CPU
		{B25ABED3-F30C-4C8D-90C2-EDA2487E9573}.Debug|Any CPU.ActiveCfg = Debug|Any CPU
		{B25ABED3-F30C-4C8D-90C2-EDA2487E9573}.Debug|Any CPU.Build.0 = Debug|Any CPU
		{B25ABED3-F30C-4C8D-90C2-EDA2487E9573}.Release|Any CPU.ActiveCfg = Release|Any CPU
		{B25ABED3-F30C-4C8D-90C2-EDA2487E9573}.Release|Any CPU.Build.0 = Release|Any CPU
		{9F28818C-B5B8-4B91-B6EC-0A19AD6969D1}.Debug|Any CPU.ActiveCfg = Debug|Any CPU
		{9F28818C-B5B8-4B91-B6EC-0A19AD6969D1}.Debug|Any CPU.Build.0 = Debug|Any CPU
		{9F28818C-B5B8-4B91-B6EC-0A19AD6969D1}.Release|Any CPU.ActiveCfg = Release|Any CPU
		{9F28818C-B5B8-4B91-B6EC-0A19AD6969D1}.Release|Any CPU.Build.0 = Release|Any CPU
		{CB9C81E6-EF48-4A40-A288-2337F600474A}.Debug|Any CPU.ActiveCfg = Debug|Any CPU
		{CB9C81E6-EF48-4A40-A288-2337F600474A}.Debug|Any CPU.Build.0 = Debug|Any CPU
		{CB9C81E6-EF48-4A40-A288-2337F600474A}.Release|Any CPU.ActiveCfg = Release|Any CPU
		{CB9C81E6-EF48-4A40-A288-2337F600474A}.Release|Any CPU.Build.0 = Release|Any CPU
		{E3292E18-3902-4DDD-9BC1-6DAC8465379C}.Debug|Any CPU.ActiveCfg = Debug|Any CPU
		{E3292E18-3902-4DDD-9BC1-6DAC8465379C}.Debug|Any CPU.Build.0 = Debug|Any CPU
		{E3292E18-3902-4DDD-9BC1-6DAC8465379C}.Release|Any CPU.ActiveCfg = Release|Any CPU
		{E3292E18-3902-4DDD-9BC1-6DAC8465379C}.Release|Any CPU.Build.0 = Release|Any CPU
		{FE36485B-89C1-4267-9B2A-F5372FC00047}.Debug|Any CPU.ActiveCfg = Debug|Any CPU
		{FE36485B-89C1-4267-9B2A-F5372FC00047}.Debug|Any CPU.Build.0 = Debug|Any CPU
		{FE36485B-89C1-4267-9B2A-F5372FC00047}.Release|Any CPU.ActiveCfg = Release|Any CPU
		{FE36485B-89C1-4267-9B2A-F5372FC00047}.Release|Any CPU.Build.0 = Release|Any CPU
		{C91C16BF-502E-469E-A0B9-366D312D9476}.Debug|Any CPU.ActiveCfg = Debug|Any CPU
		{C91C16BF-502E-469E-A0B9-366D312D9476}.Debug|Any CPU.Build.0 = Debug|Any CPU
		{C91C16BF-502E-469E-A0B9-366D312D9476}.Release|Any CPU.ActiveCfg = Release|Any CPU
		{C91C16BF-502E-469E-A0B9-366D312D9476}.Release|Any CPU.Build.0 = Release|Any CPU
	EndGlobalSection
	GlobalSection(SolutionProperties) = preSolution
		HideSolutionNode = FALSE
	EndGlobalSection
	GlobalSection(NestedProjects) = preSolution
		{698CC110-F5CB-4517-8925-2D837AD773CF} = {988D7442-E98E-44AA-BF71-A9FA468EEE51}
		{0BBECB6A-C35B-4665-8F53-BDC20EBC8125} = {0DAEFAF1-D1F7-474B-9B39-F473C748C09A}
		{B25ABED3-F30C-4C8D-90C2-EDA2487E9573} = {24BE6FA1-6069-4789-96CE-551B86D0A13B}
		{9F28818C-B5B8-4B91-B6EC-0A19AD6969D1} = {24BE6FA1-6069-4789-96CE-551B86D0A13B}
		{CB9C81E6-EF48-4A40-A288-2337F600474A} = {4189E59D-4E94-4661-BDAE-4F42A87C68E3}
		{E3292E18-3902-4DDD-9BC1-6DAC8465379C} = {4189E59D-4E94-4661-BDAE-4F42A87C68E3}
		{FE36485B-89C1-4267-9B2A-F5372FC00047} = {40B92155-C9A9-4F06-81F3-B59C35020EAA}
		{C91C16BF-502E-469E-A0B9-366D312D9476} = {40B92155-C9A9-4F06-81F3-B59C35020EAA}
	EndGlobalSection
	GlobalSection(ExtensibilityGlobals) = postSolution
		SolutionGuid = {5B3F7660-563A-4FD7-8533-9DB8BF94FAF9}
	EndGlobalSection
EndGlobal
