
Microsoft Visual Studio Solution File, Format Version 12.00
# Visual Studio 15
VisualStudioVersion = 15.0.28010.2016
MinimumVisualStudioVersion = 10.0.40219.1
Project("{2150E333-8FDC-42A3-9474-1A3956D46DE8}") = "UnitTest", "UnitTest", "{24BE6FA1-6069-4789-96CE-551B86D0A13B}"
EndProject
Project("{9A19103F-16F7-4668-BE54-9A1E7A4F7556}") = "Kinta", "Kinta\Kinta.csproj", "{698CC110-F5CB-4517-8925-2D837AD773CF}"
EndProject
Project("{FAE04EC0-301F-11D3-BF4B-00C04F79EFBC}") = "Common", "Common\Common.csproj", "{0BBECB6A-C35B-4665-8F53-BDC20EBC8125}"
EndProject
Project("{FAE04EC0-301F-11D3-BF4B-00C04F79EFBC}") = "HelperTesing", "HelperTesing\HelperTesing.csproj", "{B25ABED3-F30C-4C8D-90C2-EDA2487E9573}"
EndProject
Project("{FAE04EC0-301F-11D3-BF4B-00C04F79EFBC}") = "ConsoleApp", "ConsoleApp\ConsoleApp.csproj", "{9F28818C-B5B8-4B91-B6EC-0A19AD6969D1}"
EndProject
Global
	GlobalSection(SolutionConfigurationPlatforms) = preSolution
		Debug|Any CPU = Debug|Any CPU
		Release|Any CPU = Release|Any CPU
	EndGlobalSection
	GlobalSection(ProjectConfigurationPlatforms) = postSolution
		{698CC110-F5CB-4517-8925-2D837AD773CF}.Debug|Any CPU.ActiveCfg = Debug|Any CPU
		{698CC110-F5CB-4517-8925-2D837AD773CF}.Debug|Any CPU.Build.0 = Debug|Any CPU
		{698CC110-F5CB-4517-8925-2D837AD773CF}.Release|Any CPU.ActiveCfg = Release|Any CPU
		{698CC110-F5CB-4517-8925-2D837AD773CF}.Release|Any CPU.Build.0 = Release|Any CPU
		{0BBECB6A-C35B-4665-8F53-BDC20EBC8125}.Debug|Any CPU.ActiveCfg = Debug|Any CPU
		{0BBECB6A-C35B-4665-8F53-BDC20EBC8125}.Debug|Any CPU.Build.0 = Debug|Any CPU
		{0BBECB6A-C35B-4665-8F53-BDC20EBC8125}.Release|Any CPU.ActiveCfg = Release|Any CPU
		{0BBECB6A-C35B-4665-8F53-BDC20EBC8125}.Release|Any CPU.Build.0 = Release|Any CPU
		{B25ABED3-F30C-4C8D-90C2-EDA2487E9573}.Debug|Any CPU.ActiveCfg = Debug|Any CPU
		{B25ABED3-F30C-4C8D-90C2-EDA2487E9573}.Debug|Any CPU.Build.0 = Debug|Any CPU
		{B25ABED3-F30C-4C8D-90C2-EDA2487E9573}.Release|Any CPU.ActiveCfg = Release|Any CPU
		{B25ABED3-F30C-4C8D-90C2-EDA2487E9573}.Release|Any CPU.Build.0 = Release|Any CPU
		{9F28818C-B5B8-4B91-B6EC-0A19AD6969D1}.Debug|Any CPU.ActiveCfg = Debug|Any CPU
		{9F28818C-B5B8-4B91-B6EC-0A19AD6969D1}.Debug|Any CPU.Build.0 = Debug|Any CPU
		{9F28818C-B5B8-4B91-B6EC-0A19AD6969D1}.Release|Any CPU.ActiveCfg = Release|Any CPU
		{9F28818C-B5B8-4B91-B6EC-0A19AD6969D1}.Release|Any CPU.Build.0 = Release|Any CPU
	EndGlobalSection
	GlobalSection(SolutionProperties) = preSolution
		HideSolutionNode = FALSE
	EndGlobalSection
	GlobalSection(NestedProjects) = preSolution
		{B25ABED3-F30C-4C8D-90C2-EDA2487E9573} = {24BE6FA1-6069-4789-96CE-551B86D0A13B}
	EndGlobalSection
	GlobalSection(ExtensibilityGlobals) = postSolution
		SolutionGuid = {5B3F7660-563A-4FD7-8533-9DB8BF94FAF9}
	EndGlobalSection
EndGlobal
